// !$*UTF8*$!
{
	archiveVersion = 1;
	classes = {
	};
	objectVersion = 50;
	objects = {

/* Begin PBXBuildFile section */
		551008DB234F74DE008C2CED /* AppDelegate.swift in Sources */ = {isa = PBXBuildFile; fileRef = 551008DA234F74DE008C2CED /* AppDelegate.swift */; };
		551008DD234F74DE008C2CED /* SceneDelegate.swift in Sources */ = {isa = PBXBuildFile; fileRef = 551008DC234F74DE008C2CED /* SceneDelegate.swift */; };
		551008E0234F74DE008C2CED /* SciBook.xcdatamodeld in Sources */ = {isa = PBXBuildFile; fileRef = 551008DE234F74DE008C2CED /* SciBook.xcdatamodeld */; };
		551008E4234F74DF008C2CED /* Assets.xcassets in Resources */ = {isa = PBXBuildFile; fileRef = 551008E3234F74DF008C2CED /* Assets.xcassets */; };
		551008EA234F74DF008C2CED /* LaunchScreen.storyboard in Resources */ = {isa = PBXBuildFile; fileRef = 551008E8234F74DF008C2CED /* LaunchScreen.storyboard */; };
		551008F5234F74DF008C2CED /* SciBookTests.swift in Sources */ = {isa = PBXBuildFile; fileRef = 551008F4234F74DF008C2CED /* SciBookTests.swift */; };
		55100900234F74DF008C2CED /* SciBookUITests.swift in Sources */ = {isa = PBXBuildFile; fileRef = 551008FF234F74DF008C2CED /* SciBookUITests.swift */; };
		55100910234F7743008C2CED /* CloudKit.framework in Frameworks */ = {isa = PBXBuildFile; fileRef = 5510090F234F7743008C2CED /* CloudKit.framework */; };
		55665B902357C2FC005F81EA /* BookList.swift in Sources */ = {isa = PBXBuildFile; fileRef = 55665B8A2357C2FC005F81EA /* BookList.swift */; };
		55665B912357C2FC005F81EA /* BookRow.swift in Sources */ = {isa = PBXBuildFile; fileRef = 55665B8B2357C2FC005F81EA /* BookRow.swift */; };
		55665B922357C2FC005F81EA /* ToggleText.swift in Sources */ = {isa = PBXBuildFile; fileRef = 55665B8C2357C2FC005F81EA /* ToggleText.swift */; };
		55665B932357C2FC005F81EA /* BookListFilter.swift in Sources */ = {isa = PBXBuildFile; fileRef = 55665B8D2357C2FC005F81EA /* BookListFilter.swift */; };
		55665B942357C2FC005F81EA /* BookDetail.swift in Sources */ = {isa = PBXBuildFile; fileRef = 55665B8E2357C2FC005F81EA /* BookDetail.swift */; };
		55665B952357C2FC005F81EA /* AwardIcons.swift in Sources */ = {isa = PBXBuildFile; fileRef = 55665B8F2357C2FC005F81EA /* AwardIcons.swift */; };
		55665B9B2357C31A005F81EA /* FilterState.swift in Sources */ = {isa = PBXBuildFile; fileRef = 55665B962357C31A005F81EA /* FilterState.swift */; };
		55665B9C2357C31A005F81EA /* BookJSONModel.swift in Sources */ = {isa = PBXBuildFile; fileRef = 55665B972357C31A005F81EA /* BookJSONModel.swift */; };
		55665B9D2357C31A005F81EA /* Book.swift in Sources */ = {isa = PBXBuildFile; fileRef = 55665B982357C31A005F81EA /* Book.swift */; };
		55665B9E2357C31A005F81EA /* Award.swift in Sources */ = {isa = PBXBuildFile; fileRef = 55665B992357C31A005F81EA /* Award.swift */; };
		55665B9F2357C31A005F81EA /* BookRepository.swift in Sources */ = {isa = PBXBuildFile; fileRef = 55665B9A2357C31A005F81EA /* BookRepository.swift */; };
		55665BA22357E84A005F81EA /* books.json in Resources */ = {isa = PBXBuildFile; fileRef = 55665BA12357E84A005F81EA /* books.json */; };
		55665BA62357E93C005F81EA /* Preview Assets.xcassets in Resources */ = {isa = PBXBuildFile; fileRef = 55665BA52357E93C005F81EA /* Preview Assets.xcassets */; };
/* End PBXBuildFile section */

/* Begin PBXContainerItemProxy section */
		551008F1234F74DF008C2CED /* PBXContainerItemProxy */ = {
			isa = PBXContainerItemProxy;
			containerPortal = 551008CF234F74DE008C2CED /* Project object */;
			proxyType = 1;
			remoteGlobalIDString = 551008D6234F74DE008C2CED;
			remoteInfo = SciBook;
		};
		551008FC234F74DF008C2CED /* PBXContainerItemProxy */ = {
			isa = PBXContainerItemProxy;
			containerPortal = 551008CF234F74DE008C2CED /* Project object */;
			proxyType = 1;
			remoteGlobalIDString = 551008D6234F74DE008C2CED;
			remoteInfo = SciBook;
		};
/* End PBXContainerItemProxy section */

/* Begin PBXFileReference section */
		551008D7234F74DE008C2CED /* SciBook.app */ = {isa = PBXFileReference; explicitFileType = wrapper.application; includeInIndex = 0; path = SciBook.app; sourceTree = BUILT_PRODUCTS_DIR; };
		551008DA234F74DE008C2CED /* AppDelegate.swift */ = {isa = PBXFileReference; lastKnownFileType = sourcecode.swift; path = AppDelegate.swift; sourceTree = "<group>"; };
		551008DC234F74DE008C2CED /* SceneDelegate.swift */ = {isa = PBXFileReference; lastKnownFileType = sourcecode.swift; path = SceneDelegate.swift; sourceTree = "<group>"; };
		551008DF234F74DE008C2CED /* SciBook.xcdatamodel */ = {isa = PBXFileReference; lastKnownFileType = wrapper.xcdatamodel; path = SciBook.xcdatamodel; sourceTree = "<group>"; };
		551008E3234F74DF008C2CED /* Assets.xcassets */ = {isa = PBXFileReference; lastKnownFileType = folder.assetcatalog; path = Assets.xcassets; sourceTree = "<group>"; };
		551008E9234F74DF008C2CED /* Base */ = {isa = PBXFileReference; lastKnownFileType = file.storyboard; name = Base; path = Base.lproj/LaunchScreen.storyboard; sourceTree = "<group>"; };
		551008EB234F74DF008C2CED /* Info.plist */ = {isa = PBXFileReference; lastKnownFileType = text.plist.xml; path = Info.plist; sourceTree = "<group>"; };
		551008F0234F74DF008C2CED /* SciBookTests.xctest */ = {isa = PBXFileReference; explicitFileType = wrapper.cfbundle; includeInIndex = 0; path = SciBookTests.xctest; sourceTree = BUILT_PRODUCTS_DIR; };
		551008F4234F74DF008C2CED /* SciBookTests.swift */ = {isa = PBXFileReference; lastKnownFileType = sourcecode.swift; path = SciBookTests.swift; sourceTree = "<group>"; };
		551008F6234F74DF008C2CED /* Info.plist */ = {isa = PBXFileReference; lastKnownFileType = text.plist.xml; path = Info.plist; sourceTree = "<group>"; };
		551008FB234F74DF008C2CED /* SciBookUITests.xctest */ = {isa = PBXFileReference; explicitFileType = wrapper.cfbundle; includeInIndex = 0; path = SciBookUITests.xctest; sourceTree = BUILT_PRODUCTS_DIR; };
		551008FF234F74DF008C2CED /* SciBookUITests.swift */ = {isa = PBXFileReference; lastKnownFileType = sourcecode.swift; path = SciBookUITests.swift; sourceTree = "<group>"; };
		55100901234F74DF008C2CED /* Info.plist */ = {isa = PBXFileReference; lastKnownFileType = text.plist.xml; path = Info.plist; sourceTree = "<group>"; };
		5510090D234F7726008C2CED /* SciBook.entitlements */ = {isa = PBXFileReference; lastKnownFileType = text.plist.entitlements; path = SciBook.entitlements; sourceTree = "<group>"; };
		5510090F234F7743008C2CED /* CloudKit.framework */ = {isa = PBXFileReference; lastKnownFileType = wrapper.framework; name = CloudKit.framework; path = System/Library/Frameworks/CloudKit.framework; sourceTree = SDKROOT; };
		55665B8A2357C2FC005F81EA /* BookList.swift */ = {isa = PBXFileReference; fileEncoding = 4; lastKnownFileType = sourcecode.swift; path = BookList.swift; sourceTree = "<group>"; };
		55665B8B2357C2FC005F81EA /* BookRow.swift */ = {isa = PBXFileReference; fileEncoding = 4; lastKnownFileType = sourcecode.swift; path = BookRow.swift; sourceTree = "<group>"; };
		55665B8C2357C2FC005F81EA /* ToggleText.swift */ = {isa = PBXFileReference; fileEncoding = 4; lastKnownFileType = sourcecode.swift; path = ToggleText.swift; sourceTree = "<group>"; };
		55665B8D2357C2FC005F81EA /* BookListFilter.swift */ = {isa = PBXFileReference; fileEncoding = 4; lastKnownFileType = sourcecode.swift; path = BookListFilter.swift; sourceTree = "<group>"; };
		55665B8E2357C2FC005F81EA /* BookDetail.swift */ = {isa = PBXFileReference; fileEncoding = 4; lastKnownFileType = sourcecode.swift; path = BookDetail.swift; sourceTree = "<group>"; };
		55665B8F2357C2FC005F81EA /* AwardIcons.swift */ = {isa = PBXFileReference; fileEncoding = 4; lastKnownFileType = sourcecode.swift; path = AwardIcons.swift; sourceTree = "<group>"; };
		55665B962357C31A005F81EA /* FilterState.swift */ = {isa = PBXFileReference; fileEncoding = 4; lastKnownFileType = sourcecode.swift; path = FilterState.swift; sourceTree = "<group>"; };
		55665B972357C31A005F81EA /* BookJSONModel.swift */ = {isa = PBXFileReference; fileEncoding = 4; lastKnownFileType = sourcecode.swift; path = BookJSONModel.swift; sourceTree = "<group>"; };
		55665B982357C31A005F81EA /* Book.swift */ = {isa = PBXFileReference; fileEncoding = 4; lastKnownFileType = sourcecode.swift; path = Book.swift; sourceTree = "<group>"; };
		55665B992357C31A005F81EA /* Award.swift */ = {isa = PBXFileReference; fileEncoding = 4; lastKnownFileType = sourcecode.swift; path = Award.swift; sourceTree = "<group>"; };
		55665B9A2357C31A005F81EA /* BookRepository.swift */ = {isa = PBXFileReference; fileEncoding = 4; lastKnownFileType = sourcecode.swift; path = BookRepository.swift; sourceTree = "<group>"; };
		55665BA12357E84A005F81EA /* books.json */ = {isa = PBXFileReference; fileEncoding = 4; lastKnownFileType = text.json; path = books.json; sourceTree = "<group>"; };
		55665BA52357E93C005F81EA /* Preview Assets.xcassets */ = {isa = PBXFileReference; lastKnownFileType = folder.assetcatalog; path = "Preview Assets.xcassets"; sourceTree = "<group>"; };
/* End PBXFileReference section */

/* Begin PBXFrameworksBuildPhase section */
		551008D4234F74DE008C2CED /* Frameworks */ = {
			isa = PBXFrameworksBuildPhase;
			buildActionMask = 2147483647;
			files = (
				55100910234F7743008C2CED /* CloudKit.framework in Frameworks */,
			);
			runOnlyForDeploymentPostprocessing = 0;
		};
		551008ED234F74DF008C2CED /* Frameworks */ = {
			isa = PBXFrameworksBuildPhase;
			buildActionMask = 2147483647;
			files = (
			);
			runOnlyForDeploymentPostprocessing = 0;
		};
		551008F8234F74DF008C2CED /* Frameworks */ = {
			isa = PBXFrameworksBuildPhase;
			buildActionMask = 2147483647;
			files = (
			);
			runOnlyForDeploymentPostprocessing = 0;
		};
/* End PBXFrameworksBuildPhase section */

/* Begin PBXGroup section */
		551008CE234F74DE008C2CED = {
			isa = PBXGroup;
			children = (
				551008D9234F74DE008C2CED /* SciBook */,
				551008F3234F74DF008C2CED /* SciBookTests */,
				551008FE234F74DF008C2CED /* SciBookUITests */,
				551008D8234F74DE008C2CED /* Products */,
				5510090E234F7743008C2CED /* Frameworks */,
			);
			sourceTree = "<group>";
		};
		551008D8234F74DE008C2CED /* Products */ = {
			isa = PBXGroup;
			children = (
				551008D7234F74DE008C2CED /* SciBook.app */,
				551008F0234F74DF008C2CED /* SciBookTests.xctest */,
				551008FB234F74DF008C2CED /* SciBookUITests.xctest */,
			);
			name = Products;
			sourceTree = "<group>";
		};
		551008D9234F74DE008C2CED /* SciBook */ = {
			isa = PBXGroup;
			children = (
				55665BA02357E832005F81EA /* json */,
				55665B892357C2CB005F81EA /* Models */,
				55665B882357C2C4005F81EA /* Views */,
				5510090D234F7726008C2CED /* SciBook.entitlements */,
				551008DA234F74DE008C2CED /* AppDelegate.swift */,
				551008DC234F74DE008C2CED /* SceneDelegate.swift */,
				551008E3234F74DF008C2CED /* Assets.xcassets */,
				551008E8234F74DF008C2CED /* LaunchScreen.storyboard */,
				551008EB234F74DF008C2CED /* Info.plist */,
				551008DE234F74DE008C2CED /* SciBook.xcdatamodeld */,
				551008E5234F74DF008C2CED /* Preview Content */,
			);
			path = SciBook;
			sourceTree = "<group>";
		};
		551008E5234F74DF008C2CED /* Preview Content */ = {
			isa = PBXGroup;
			children = (
				55665BA52357E93C005F81EA /* Preview Assets.xcassets */,
			);
			path = "Preview Content";
			sourceTree = "<group>";
		};
		551008F3234F74DF008C2CED /* SciBookTests */ = {
			isa = PBXGroup;
			children = (
				551008F4234F74DF008C2CED /* SciBookTests.swift */,
				551008F6234F74DF008C2CED /* Info.plist */,
			);
			path = SciBookTests;
			sourceTree = "<group>";
		};
		551008FE234F74DF008C2CED /* SciBookUITests */ = {
			isa = PBXGroup;
			children = (
				551008FF234F74DF008C2CED /* SciBookUITests.swift */,
				55100901234F74DF008C2CED /* Info.plist */,
			);
			path = SciBookUITests;
			sourceTree = "<group>";
		};
		5510090E234F7743008C2CED /* Frameworks */ = {
			isa = PBXGroup;
			children = (
				5510090F234F7743008C2CED /* CloudKit.framework */,
			);
			name = Frameworks;
			sourceTree = "<group>";
		};
		55665B882357C2C4005F81EA /* Views */ = {
			isa = PBXGroup;
			children = (
				55665B8F2357C2FC005F81EA /* AwardIcons.swift */,
				55665B8E2357C2FC005F81EA /* BookDetail.swift */,
				55665B8A2357C2FC005F81EA /* BookList.swift */,
				55665B8D2357C2FC005F81EA /* BookListFilter.swift */,
				55665B8B2357C2FC005F81EA /* BookRow.swift */,
				55665B8C2357C2FC005F81EA /* ToggleText.swift */,
			);
			path = Views;
			sourceTree = "<group>";
		};
		55665B892357C2CB005F81EA /* Models */ = {
			isa = PBXGroup;
			children = (
				55665B992357C31A005F81EA /* Award.swift */,
				55665B982357C31A005F81EA /* Book.swift */,
				55665B972357C31A005F81EA /* BookJSONModel.swift */,
				55665B9A2357C31A005F81EA /* BookRepository.swift */,
				55665B962357C31A005F81EA /* FilterState.swift */,
			);
			path = Models;
			sourceTree = "<group>";
		};
		55665BA02357E832005F81EA /* json */ = {
			isa = PBXGroup;
			children = (
				55665BA12357E84A005F81EA /* books.json */,
			);
			path = json;
			sourceTree = "<group>";
		};
/* End PBXGroup section */

/* Begin PBXNativeTarget section */
		551008D6234F74DE008C2CED /* SciBook */ = {
			isa = PBXNativeTarget;
			buildConfigurationList = 55100904234F74DF008C2CED /* Build configuration list for PBXNativeTarget "SciBook" */;
			buildPhases = (
				551008D3234F74DE008C2CED /* Sources */,
				551008D4234F74DE008C2CED /* Frameworks */,
				551008D5234F74DE008C2CED /* Resources */,
			);
			buildRules = (
			);
			dependencies = (
			);
			name = SciBook;
			productName = SciBook;
			productReference = 551008D7234F74DE008C2CED /* SciBook.app */;
			productType = "com.apple.product-type.application";
		};
		551008EF234F74DF008C2CED /* SciBookTests */ = {
			isa = PBXNativeTarget;
			buildConfigurationList = 55100907234F74DF008C2CED /* Build configuration list for PBXNativeTarget "SciBookTests" */;
			buildPhases = (
				551008EC234F74DF008C2CED /* Sources */,
				551008ED234F74DF008C2CED /* Frameworks */,
				551008EE234F74DF008C2CED /* Resources */,
			);
			buildRules = (
			);
			dependencies = (
				551008F2234F74DF008C2CED /* PBXTargetDependency */,
			);
			name = SciBookTests;
			productName = SciBookTests;
			productReference = 551008F0234F74DF008C2CED /* SciBookTests.xctest */;
			productType = "com.apple.product-type.bundle.unit-test";
		};
		551008FA234F74DF008C2CED /* SciBookUITests */ = {
			isa = PBXNativeTarget;
			buildConfigurationList = 5510090A234F74DF008C2CED /* Build configuration list for PBXNativeTarget "SciBookUITests" */;
			buildPhases = (
				551008F7234F74DF008C2CED /* Sources */,
				551008F8234F74DF008C2CED /* Frameworks */,
				551008F9234F74DF008C2CED /* Resources */,
			);
			buildRules = (
			);
			dependencies = (
				551008FD234F74DF008C2CED /* PBXTargetDependency */,
			);
			name = SciBookUITests;
			productName = SciBookUITests;
			productReference = 551008FB234F74DF008C2CED /* SciBookUITests.xctest */;
			productType = "com.apple.product-type.bundle.ui-testing";
		};
/* End PBXNativeTarget section */

/* Begin PBXProject section */
		551008CF234F74DE008C2CED /* Project object */ = {
			isa = PBXProject;
			attributes = {
				LastSwiftUpdateCheck = 1110;
				LastUpgradeCheck = 1110;
				ORGANIZATIONNAME = "Jake Foster";
				TargetAttributes = {
					551008D6234F74DE008C2CED = {
						CreatedOnToolsVersion = 11.1;
					};
					551008EF234F74DF008C2CED = {
						CreatedOnToolsVersion = 11.1;
						TestTargetID = 551008D6234F74DE008C2CED;
					};
					551008FA234F74DF008C2CED = {
						CreatedOnToolsVersion = 11.1;
						TestTargetID = 551008D6234F74DE008C2CED;
					};
				};
			};
			buildConfigurationList = 551008D2234F74DE008C2CED /* Build configuration list for PBXProject "SciBook" */;
			compatibilityVersion = "Xcode 9.3";
			developmentRegion = en;
			hasScannedForEncodings = 0;
			knownRegions = (
				en,
				Base,
			);
			mainGroup = 551008CE234F74DE008C2CED;
			productRefGroup = 551008D8234F74DE008C2CED /* Products */;
			projectDirPath = "";
			projectRoot = "";
			targets = (
				551008D6234F74DE008C2CED /* SciBook */,
				551008EF234F74DF008C2CED /* SciBookTests */,
				551008FA234F74DF008C2CED /* SciBookUITests */,
			);
		};
/* End PBXProject section */

/* Begin PBXResourcesBuildPhase section */
		551008D5234F74DE008C2CED /* Resources */ = {
			isa = PBXResourcesBuildPhase;
			buildActionMask = 2147483647;
			files = (
				55665BA62357E93C005F81EA /* Preview Assets.xcassets in Resources */,
				55665BA22357E84A005F81EA /* books.json in Resources */,
				551008EA234F74DF008C2CED /* LaunchScreen.storyboard in Resources */,
				551008E4234F74DF008C2CED /* Assets.xcassets in Resources */,
			);
			runOnlyForDeploymentPostprocessing = 0;
		};
		551008EE234F74DF008C2CED /* Resources */ = {
			isa = PBXResourcesBuildPhase;
			buildActionMask = 2147483647;
			files = (
			);
			runOnlyForDeploymentPostprocessing = 0;
		};
		551008F9234F74DF008C2CED /* Resources */ = {
			isa = PBXResourcesBuildPhase;
			buildActionMask = 2147483647;
			files = (
			);
			runOnlyForDeploymentPostprocessing = 0;
		};
/* End PBXResourcesBuildPhase section */

/* Begin PBXSourcesBuildPhase section */
		551008D3234F74DE008C2CED /* Sources */ = {
			isa = PBXSourcesBuildPhase;
			buildActionMask = 2147483647;
			files = (
				55665B902357C2FC005F81EA /* BookList.swift in Sources */,
				55665B9D2357C31A005F81EA /* Book.swift in Sources */,
				55665B9C2357C31A005F81EA /* BookJSONModel.swift in Sources */,
				55665B922357C2FC005F81EA /* ToggleText.swift in Sources */,
				55665B9B2357C31A005F81EA /* FilterState.swift in Sources */,
				55665B932357C2FC005F81EA /* BookListFilter.swift in Sources */,
				551008DB234F74DE008C2CED /* AppDelegate.swift in Sources */,
				55665B952357C2FC005F81EA /* AwardIcons.swift in Sources */,
				551008DD234F74DE008C2CED /* SceneDelegate.swift in Sources */,
				55665B9F2357C31A005F81EA /* BookRepository.swift in Sources */,
				551008E0234F74DE008C2CED /* SciBook.xcdatamodeld in Sources */,
				55665B912357C2FC005F81EA /* BookRow.swift in Sources */,
				55665B9E2357C31A005F81EA /* Award.swift in Sources */,
				55665B942357C2FC005F81EA /* BookDetail.swift in Sources */,
			);
			runOnlyForDeploymentPostprocessing = 0;
		};
		551008EC234F74DF008C2CED /* Sources */ = {
			isa = PBXSourcesBuildPhase;
			buildActionMask = 2147483647;
			files = (
				551008F5234F74DF008C2CED /* SciBookTests.swift in Sources */,
			);
			runOnlyForDeploymentPostprocessing = 0;
		};
		551008F7234F74DF008C2CED /* Sources */ = {
			isa = PBXSourcesBuildPhase;
			buildActionMask = 2147483647;
			files = (
				55100900234F74DF008C2CED /* SciBookUITests.swift in Sources */,
			);
			runOnlyForDeploymentPostprocessing = 0;
		};
/* End PBXSourcesBuildPhase section */

/* Begin PBXTargetDependency section */
		551008F2234F74DF008C2CED /* PBXTargetDependency */ = {
			isa = PBXTargetDependency;
			target = 551008D6234F74DE008C2CED /* SciBook */;
			targetProxy = 551008F1234F74DF008C2CED /* PBXContainerItemProxy */;
		};
		551008FD234F74DF008C2CED /* PBXTargetDependency */ = {
			isa = PBXTargetDependency;
			target = 551008D6234F74DE008C2CED /* SciBook */;
			targetProxy = 551008FC234F74DF008C2CED /* PBXContainerItemProxy */;
		};
/* End PBXTargetDependency section */

/* Begin PBXVariantGroup section */
		551008E8234F74DF008C2CED /* LaunchScreen.storyboard */ = {
			isa = PBXVariantGroup;
			children = (
				551008E9234F74DF008C2CED /* Base */,
			);
			name = LaunchScreen.storyboard;
			sourceTree = "<group>";
		};
/* End PBXVariantGroup section */

/* Begin XCBuildConfiguration section */
		55100902234F74DF008C2CED /* Debug */ = {
			isa = XCBuildConfiguration;
			buildSettings = {
				ALWAYS_SEARCH_USER_PATHS = NO;
				CLANG_ANALYZER_NONNULL = YES;
				CLANG_ANALYZER_NUMBER_OBJECT_CONVERSION = YES_AGGRESSIVE;
				CLANG_CXX_LANGUAGE_STANDARD = "gnu++14";
				CLANG_CXX_LIBRARY = "libc++";
				CLANG_ENABLE_MODULES = YES;
				CLANG_ENABLE_OBJC_ARC = YES;
				CLANG_ENABLE_OBJC_WEAK = YES;
				CLANG_WARN_BLOCK_CAPTURE_AUTORELEASING = YES;
				CLANG_WARN_BOOL_CONVERSION = YES;
				CLANG_WARN_COMMA = YES;
				CLANG_WARN_CONSTANT_CONVERSION = YES;
				CLANG_WARN_DEPRECATED_OBJC_IMPLEMENTATIONS = YES;
				CLANG_WARN_DIRECT_OBJC_ISA_USAGE = YES_ERROR;
				CLANG_WARN_DOCUMENTATION_COMMENTS = YES;
				CLANG_WARN_EMPTY_BODY = YES;
				CLANG_WARN_ENUM_CONVERSION = YES;
				CLANG_WARN_INFINITE_RECURSION = YES;
				CLANG_WARN_INT_CONVERSION = YES;
				CLANG_WARN_NON_LITERAL_NULL_CONVERSION = YES;
				CLANG_WARN_OBJC_IMPLICIT_RETAIN_SELF = YES;
				CLANG_WARN_OBJC_LITERAL_CONVERSION = YES;
				CLANG_WARN_OBJC_ROOT_CLASS = YES_ERROR;
				CLANG_WARN_RANGE_LOOP_ANALYSIS = YES;
				CLANG_WARN_STRICT_PROTOTYPES = YES;
				CLANG_WARN_SUSPICIOUS_MOVE = YES;
				CLANG_WARN_UNGUARDED_AVAILABILITY = YES_AGGRESSIVE;
				CLANG_WARN_UNREACHABLE_CODE = YES;
				CLANG_WARN__DUPLICATE_METHOD_MATCH = YES;
				COPY_PHASE_STRIP = NO;
				DEBUG_INFORMATION_FORMAT = dwarf;
				ENABLE_STRICT_OBJC_MSGSEND = YES;
				ENABLE_TESTABILITY = YES;
				GCC_C_LANGUAGE_STANDARD = gnu11;
				GCC_DYNAMIC_NO_PIC = NO;
				GCC_NO_COMMON_BLOCKS = YES;
				GCC_OPTIMIZATION_LEVEL = 0;
				GCC_PREPROCESSOR_DEFINITIONS = (
					"DEBUG=1",
					"$(inherited)",
				);
				GCC_WARN_64_TO_32_BIT_CONVERSION = YES;
				GCC_WARN_ABOUT_RETURN_TYPE = YES_ERROR;
				GCC_WARN_UNDECLARED_SELECTOR = YES;
				GCC_WARN_UNINITIALIZED_AUTOS = YES_AGGRESSIVE;
				GCC_WARN_UNUSED_FUNCTION = YES;
				GCC_WARN_UNUSED_VARIABLE = YES;
				IPHONEOS_DEPLOYMENT_TARGET = 13.1;
				MTL_ENABLE_DEBUG_INFO = INCLUDE_SOURCE;
				MTL_FAST_MATH = YES;
				ONLY_ACTIVE_ARCH = YES;
				SDKROOT = iphoneos;
				SWIFT_ACTIVE_COMPILATION_CONDITIONS = DEBUG;
				SWIFT_OPTIMIZATION_LEVEL = "-Onone";
			};
			name = Debug;
		};
		55100903234F74DF008C2CED /* Release */ = {
			isa = XCBuildConfiguration;
			buildSettings = {
				ALWAYS_SEARCH_USER_PATHS = NO;
				CLANG_ANALYZER_NONNULL = YES;
				CLANG_ANALYZER_NUMBER_OBJECT_CONVERSION = YES_AGGRESSIVE;
				CLANG_CXX_LANGUAGE_STANDARD = "gnu++14";
				CLANG_CXX_LIBRARY = "libc++";
				CLANG_ENABLE_MODULES = YES;
				CLANG_ENABLE_OBJC_ARC = YES;
				CLANG_ENABLE_OBJC_WEAK = YES;
				CLANG_WARN_BLOCK_CAPTURE_AUTORELEASING = YES;
				CLANG_WARN_BOOL_CONVERSION = YES;
				CLANG_WARN_COMMA = YES;
				CLANG_WARN_CONSTANT_CONVERSION = YES;
				CLANG_WARN_DEPRECATED_OBJC_IMPLEMENTATIONS = YES;
				CLANG_WARN_DIRECT_OBJC_ISA_USAGE = YES_ERROR;
				CLANG_WARN_DOCUMENTATION_COMMENTS = YES;
				CLANG_WARN_EMPTY_BODY = YES;
				CLANG_WARN_ENUM_CONVERSION = YES;
				CLANG_WARN_INFINITE_RECURSION = YES;
				CLANG_WARN_INT_CONVERSION = YES;
				CLANG_WARN_NON_LITERAL_NULL_CONVERSION = YES;
				CLANG_WARN_OBJC_IMPLICIT_RETAIN_SELF = YES;
				CLANG_WARN_OBJC_LITERAL_CONVERSION = YES;
				CLANG_WARN_OBJC_ROOT_CLASS = YES_ERROR;
				CLANG_WARN_RANGE_LOOP_ANALYSIS = YES;
				CLANG_WARN_STRICT_PROTOTYPES = YES;
				CLANG_WARN_SUSPICIOUS_MOVE = YES;
				CLANG_WARN_UNGUARDED_AVAILABILITY = YES_AGGRESSIVE;
				CLANG_WARN_UNREACHABLE_CODE = YES;
				CLANG_WARN__DUPLICATE_METHOD_MATCH = YES;
				COPY_PHASE_STRIP = NO;
				DEBUG_INFORMATION_FORMAT = "dwarf-with-dsym";
				ENABLE_NS_ASSERTIONS = NO;
				ENABLE_STRICT_OBJC_MSGSEND = YES;
				GCC_C_LANGUAGE_STANDARD = gnu11;
				GCC_NO_COMMON_BLOCKS = YES;
				GCC_WARN_64_TO_32_BIT_CONVERSION = YES;
				GCC_WARN_ABOUT_RETURN_TYPE = YES_ERROR;
				GCC_WARN_UNDECLARED_SELECTOR = YES;
				GCC_WARN_UNINITIALIZED_AUTOS = YES_AGGRESSIVE;
				GCC_WARN_UNUSED_FUNCTION = YES;
				GCC_WARN_UNUSED_VARIABLE = YES;
				IPHONEOS_DEPLOYMENT_TARGET = 13.1;
				MTL_ENABLE_DEBUG_INFO = NO;
				MTL_FAST_MATH = YES;
				SDKROOT = iphoneos;
				SWIFT_COMPILATION_MODE = wholemodule;
				SWIFT_OPTIMIZATION_LEVEL = "-O";
				VALIDATE_PRODUCT = YES;
			};
			name = Release;
		};
		55100905234F74DF008C2CED /* Debug */ = {
			isa = XCBuildConfiguration;
			buildSettings = {
				ASSETCATALOG_COMPILER_APPICON_NAME = AppIcon;
				CODE_SIGN_ENTITLEMENTS = SciBook/SciBook.entitlements;
				CODE_SIGN_STYLE = Automatic;
				DEVELOPMENT_ASSET_PATHS = "\"SciBook/Preview Content\"";
				DEVELOPMENT_TEAM = 42ETQ4A89Z;
				ENABLE_PREVIEWS = YES;
				INFOPLIST_FILE = SciBook/Info.plist;
				LD_RUNPATH_SEARCH_PATHS = (
					"$(inherited)",
					"@executable_path/Frameworks",
				);
				PRODUCT_BUNDLE_IDENTIFIER = com.sidebuild.SciBook;
				PRODUCT_NAME = "$(TARGET_NAME)";
				SWIFT_VERSION = 5.0;
				TARGETED_DEVICE_FAMILY = "1,2";
			};
			name = Debug;
		};
		55100906234F74DF008C2CED /* Release */ = {
			isa = XCBuildConfiguration;
			buildSettings = {
				ASSETCATALOG_COMPILER_APPICON_NAME = AppIcon;
				CODE_SIGN_ENTITLEMENTS = SciBook/SciBook.entitlements;
				CODE_SIGN_STYLE = Automatic;
				DEVELOPMENT_ASSET_PATHS = "\"SciBook/Preview Content\"";
				DEVELOPMENT_TEAM = 42ETQ4A89Z;
				ENABLE_PREVIEWS = YES;
				INFOPLIST_FILE = SciBook/Info.plist;
				LD_RUNPATH_SEARCH_PATHS = (
					"$(inherited)",
					"@executable_path/Frameworks",
				);
				PRODUCT_BUNDLE_IDENTIFIER = com.sidebuild.SciBook;
				PRODUCT_NAME = "$(TARGET_NAME)";
				SWIFT_VERSION = 5.0;
				TARGETED_DEVICE_FAMILY = "1,2";
			};
			name = Release;
		};
		55100908234F74DF008C2CED /* Debug */ = {
			isa = XCBuildConfiguration;
			buildSettings = {
				ALWAYS_EMBED_SWIFT_STANDARD_LIBRARIES = YES;
				BUNDLE_LOADER = "$(TEST_HOST)";
				CODE_SIGN_STYLE = Automatic;
				INFOPLIST_FILE = SciBookTests/Info.plist;
				IPHONEOS_DEPLOYMENT_TARGET = 13.1;
				LD_RUNPATH_SEARCH_PATHS = (
					"$(inherited)",
					"@executable_path/Frameworks",
					"@loader_path/Frameworks",
				);
				PRODUCT_BUNDLE_IDENTIFIER = com.sidebuild.SciBookTests;
				PRODUCT_NAME = "$(TARGET_NAME)";
				SWIFT_VERSION = 5.0;
				TARGETED_DEVICE_FAMILY = "1,2";
				TEST_HOST = "$(BUILT_PRODUCTS_DIR)/SciBook.app/SciBook";
			};
			name = Debug;
		};
		55100909234F74DF008C2CED /* Release */ = {
			isa = XCBuildConfiguration;
			buildSettings = {
				ALWAYS_EMBED_SWIFT_STANDARD_LIBRARIES = YES;
				BUNDLE_LOADER = "$(TEST_HOST)";
				CODE_SIGN_STYLE = Automatic;
				INFOPLIST_FILE = SciBookTests/Info.plist;
				IPHONEOS_DEPLOYMENT_TARGET = 13.1;
				LD_RUNPATH_SEARCH_PATHS = (
					"$(inherited)",
					"@executable_path/Frameworks",
					"@loader_path/Frameworks",
				);
				PRODUCT_BUNDLE_IDENTIFIER = com.sidebuild.SciBookTests;
				PRODUCT_NAME = "$(TARGET_NAME)";
				SWIFT_VERSION = 5.0;
				TARGETED_DEVICE_FAMILY = "1,2";
				TEST_HOST = "$(BUILT_PRODUCTS_DIR)/SciBook.app/SciBook";
			};
			name = Release;
		};
		5510090B234F74DF008C2CED /* Debug */ = {
			isa = XCBuildConfiguration;
			buildSettings = {
				ALWAYS_EMBED_SWIFT_STANDARD_LIBRARIES = YES;
				CODE_SIGN_STYLE = Automatic;
				INFOPLIST_FILE = SciBookUITests/Info.plist;
				LD_RUNPATH_SEARCH_PATHS = (
					"$(inherited)",
					"@executable_path/Frameworks",
					"@loader_path/Frameworks",
				);
				PRODUCT_BUNDLE_IDENTIFIER = com.sidebuild.SciBookUITests;
				PRODUCT_NAME = "$(TARGET_NAME)";
				SWIFT_VERSION = 5.0;
				TARGETED_DEVICE_FAMILY = "1,2";
				TEST_TARGET_NAME = SciBook;
			};
			name = Debug;
		};
		5510090C234F74DF008C2CED /* Release */ = {
			isa = XCBuildConfiguration;
			buildSettings = {
				ALWAYS_EMBED_SWIFT_STANDARD_LIBRARIES = YES;
				CODE_SIGN_STYLE = Automatic;
				INFOPLIST_FILE = SciBookUITests/Info.plist;
				LD_RUNPATH_SEARCH_PATHS = (
					"$(inherited)",
					"@executable_path/Frameworks",
					"@loader_path/Frameworks",
				);
				PRODUCT_BUNDLE_IDENTIFIER = com.sidebuild.SciBookUITests;
				PRODUCT_NAME = "$(TARGET_NAME)";
				SWIFT_VERSION = 5.0;
				TARGETED_DEVICE_FAMILY = "1,2";
				TEST_TARGET_NAME = SciBook;
			};
			name = Release;
		};
/* End XCBuildConfiguration section */

/* Begin XCConfigurationList section */
		551008D2234F74DE008C2CED /* Build configuration list for PBXProject "SciBook" */ = {
			isa = XCConfigurationList;
			buildConfigurations = (
				55100902234F74DF008C2CED /* Debug */,
				55100903234F74DF008C2CED /* Release */,
			);
			defaultConfigurationIsVisible = 0;
			defaultConfigurationName = Release;
		};
		55100904234F74DF008C2CED /* Build configuration list for PBXNativeTarget "SciBook" */ = {
			isa = XCConfigurationList;
			buildConfigurations = (
				55100905234F74DF008C2CED /* Debug */,
				55100906234F74DF008C2CED /* Release */,
			);
			defaultConfigurationIsVisible = 0;
			defaultConfigurationName = Release;
		};
		55100907234F74DF008C2CED /* Build configuration list for PBXNativeTarget "SciBookTests" */ = {
			isa = XCConfigurationList;
			buildConfigurations = (
				55100908234F74DF008C2CED /* Debug */,
				55100909234F74DF008C2CED /* Release */,
			);
			defaultConfigurationIsVisible = 0;
			defaultConfigurationName = Release;
		};
		5510090A234F74DF008C2CED /* Build configuration list for PBXNativeTarget "SciBookUITests" */ = {
			isa = XCConfigurationList;
			buildConfigurations = (
				5510090B234F74DF008C2CED /* Debug */,
				5510090C234F74DF008C2CED /* Release */,
			);
			defaultConfigurationIsVisible = 0;
			defaultConfigurationName = Release;
		};
/* End XCConfigurationList section */

/* Begin XCVersionGroup section */
		551008DE234F74DE008C2CED /* SciBook.xcdatamodeld */ = {
			isa = XCVersionGroup;
			children = (
				551008DF234F74DE008C2CED /* SciBook.xcdatamodel */,
			);
			currentVersion = 551008DF234F74DE008C2CED /* SciBook.xcdatamodel */;
			path = SciBook.xcdatamodeld;
			sourceTree = "<group>";
			versionGroupType = wrapper.xcdatamodel;
		};
/* End XCVersionGroup section */
	};
	rootObject = 551008CF234F74DE008C2CED /* Project object */;
}
